
Microsoft Visual Studio Solution File, Format Version 12.00
# Visual Studio Version 16
VisualStudioVersion = 16.0.31515.178
MinimumVisualStudioVersion = 10.0.40219.1
Project("{FAE04EC0-301F-11D3-BF4B-00C04F79EFBC}") = "AlintaApi", "AlintaApi\AlintaApi.csproj", "{875B1680-4214-4282-B849-47B4D7AC739C}"
EndProject
Project("{FAE04EC0-301F-11D3-BF4B-00C04F79EFBC}") = "AlintaApi.Tests", "AlintaApi.Tests\AlintaApi.Tests.csproj", "{2711B869-2BFF-4F7D-A399-4E594B3B5AF0}"
EndProject
Global
	GlobalSection(SolutionConfigurationPlatforms) = preSolution
		Debug|Any CPU = Debug|Any CPU
		Release|Any CPU = Release|Any CPU
	EndGlobalSection
	GlobalSection(ProjectConfigurationPlatforms) = postSolution
		{875B1680-4214-4282-B849-47B4D7AC739C}.Debug|Any CPU.ActiveCfg = Debug|Any CPU
		{875B1680-4214-4282-B849-47B4D7AC739C}.Debug|Any CPU.Build.0 = Debug|Any CPU
		{875B1680-4214-4282-B849-47B4D7AC739C}.Release|Any CPU.ActiveCfg = Release|Any CPU
		{875B1680-4214-4282-B849-47B4D7AC739C}.Release|Any CPU.Build.0 = Release|Any CPU
		{2711B869-2BFF-4F7D-A399-4E594B3B5AF0}.Debug|Any CPU.ActiveCfg = Debug|Any CPU
		{2711B869-2BFF-4F7D-A399-4E594B3B5AF0}.Debug|Any CPU.Build.0 = Debug|Any CPU
		{2711B869-2BFF-4F7D-A399-4E594B3B5AF0}.Release|Any CPU.ActiveCfg = Release|Any CPU
		{2711B869-2BFF-4F7D-A399-4E594B3B5AF0}.Release|Any CPU.Build.0 = Release|Any CPU
	EndGlobalSection
	GlobalSection(SolutionProperties) = preSolution
		HideSolutionNode = FALSE
	EndGlobalSection
	GlobalSection(ExtensibilityGlobals) = postSolution
		SolutionGuid = {B7E1AB80-6D5C-4869-BD6C-CD98B70F4AE2}
	EndGlobalSection
EndGlobal
